
Microsoft Visual Studio Solution File, Format Version 12.00
# Visual Studio Version 16
VisualStudioVersion = 16.0.31624.102
MinimumVisualStudioVersion = 10.0.40219.1
Project("{9A19103F-16F7-4668-BE54-9A1E7A4F7556}") = "DynamicMapper", "DynamicMapper\DynamicMapper.csproj", "{0280F128-3BE2-4931-90F1-40BE1BDCEB1D}"
EndProject
Project("{9A19103F-16F7-4668-BE54-9A1E7A4F7556}") = "DynamicMapperExamples", "DynamicMapperExamples\DynamicMapperExamples.csproj", "{B82B2CA5-C406-4DFF-9EE4-015AF049DD5A}"
EndProject
Project("{9A19103F-16F7-4668-BE54-9A1E7A4F7556}") = "ModelExample", "ModelExample\ModelExample.csproj", "{AE4DCC1F-0FB4-4E33-B203-8B7EEF014CA6}"
EndProject
Project("{2150E333-8FDC-42A3-9474-1A3956D46DE8}") = "Solution Items", "Solution Items", "{1722951F-B0E2-473D-90B5-612E04A0E0DE}"
	ProjectSection(SolutionItems) = preProject
		Readme.txt = Readme.txt
	EndProjectSection
EndProject
Global
	GlobalSection(SolutionConfigurationPlatforms) = preSolution
		Debug|Any CPU = Debug|Any CPU
		Release|Any CPU = Release|Any CPU
	EndGlobalSection
	GlobalSection(ProjectConfigurationPlatforms) = postSolution
		{0280F128-3BE2-4931-90F1-40BE1BDCEB1D}.Debug|Any CPU.ActiveCfg = Debug|Any CPU
		{0280F128-3BE2-4931-90F1-40BE1BDCEB1D}.Debug|Any CPU.Build.0 = Debug|Any CPU
		{0280F128-3BE2-4931-90F1-40BE1BDCEB1D}.Release|Any CPU.ActiveCfg = Release|Any CPU
		{0280F128-3BE2-4931-90F1-40BE1BDCEB1D}.Release|Any CPU.Build.0 = Release|Any CPU
		{B82B2CA5-C406-4DFF-9EE4-015AF049DD5A}.Debug|Any CPU.ActiveCfg = Debug|Any CPU
		{B82B2CA5-C406-4DFF-9EE4-015AF049DD5A}.Debug|Any CPU.Build.0 = Debug|Any CPU
		{B82B2CA5-C406-4DFF-9EE4-015AF049DD5A}.Release|Any CPU.ActiveCfg = Release|Any CPU
		{B82B2CA5-C406-4DFF-9EE4-015AF049DD5A}.Release|Any CPU.Build.0 = Release|Any CPU
		{AE4DCC1F-0FB4-4E33-B203-8B7EEF014CA6}.Debug|Any CPU.ActiveCfg = Debug|Any CPU
		{AE4DCC1F-0FB4-4E33-B203-8B7EEF014CA6}.Debug|Any CPU.Build.0 = Debug|Any CPU
		{AE4DCC1F-0FB4-4E33-B203-8B7EEF014CA6}.Release|Any CPU.ActiveCfg = Release|Any CPU
		{AE4DCC1F-0FB4-4E33-B203-8B7EEF014CA6}.Release|Any CPU.Build.0 = Release|Any CPU
	EndGlobalSection
	GlobalSection(SolutionProperties) = preSolution
		HideSolutionNode = FALSE
	EndGlobalSection
	GlobalSection(ExtensibilityGlobals) = postSolution
		SolutionGuid = {9CBC86DD-E627-440B-9BDF-FE10AC2393A6}
	EndGlobalSection
EndGlobal
